
Microsoft Visual Studio Solution File, Format Version 12.00
# Visual Studio Version 17
VisualStudioVersion = 17.9.34728.123
MinimumVisualStudioVersion = 10.0.40219.1
Project("{FAE04EC0-301F-11D3-BF4B-00C04F79EFBC}") = "Source Launcher", "Source Launcher.csproj", "{BAD33C24-A6BD-4636-94C5-4260B7B25F1C}"
EndProject
Global
	GlobalSection(SolutionConfigurationPlatforms) = preSolution
		Debug|Any CPU = Debug|Any CPU
		Release|Any CPU = Release|Any CPU
	EndGlobalSection
	GlobalSection(ProjectConfigurationPlatforms) = postSolution
		{BAD33C24-A6BD-4636-94C5-4260B7B25F1C}.Debug|Any CPU.ActiveCfg = Debug|Any CPU
		{BAD33C24-A6BD-4636-94C5-4260B7B25F1C}.Debug|Any CPU.Build.0 = Debug|Any CPU
		{BAD33C24-A6BD-4636-94C5-4260B7B25F1C}.Release|Any CPU.ActiveCfg = Release|Any CPU
		{BAD33C24-A6BD-4636-94C5-4260B7B25F1C}.Release|Any CPU.Build.0 = Release|Any CPU
	EndGlobalSection
	GlobalSection(SolutionProperties) = preSolution
		HideSolutionNode = FALSE
	EndGlobalSection
	GlobalSection(ExtensibilityGlobals) = postSolution
		SolutionGuid = {1762DA50-23D6-46EA-9B6E-1687ED93EBEB}
	EndGlobalSection
EndGlobal
