
Microsoft Visual Studio Solution File, Format Version 12.00
# Visual Studio Version 17
VisualStudioVersion = 17.10.34928.147
MinimumVisualStudioVersion = 10.0.40219.1
Project("{FAE04EC0-301F-11D3-BF4B-00C04F79EFBC}") = "Source Launcher", "Source Launcher.csproj", "{B296BA68-F1C1-4486-9D8A-3A7179BA91D9}"
EndProject
Global
	GlobalSection(SolutionConfigurationPlatforms) = preSolution
		Debug|Any CPU = Debug|Any CPU
		Release|Any CPU = Release|Any CPU
	EndGlobalSection
	GlobalSection(ProjectConfigurationPlatforms) = postSolution
		{B296BA68-F1C1-4486-9D8A-3A7179BA91D9}.Debug|Any CPU.ActiveCfg = Debug|Any CPU
		{B296BA68-F1C1-4486-9D8A-3A7179BA91D9}.Debug|Any CPU.Build.0 = Debug|Any CPU
		{B296BA68-F1C1-4486-9D8A-3A7179BA91D9}.Release|Any CPU.ActiveCfg = Release|Any CPU
		{B296BA68-F1C1-4486-9D8A-3A7179BA91D9}.Release|Any CPU.Build.0 = Release|Any CPU
	EndGlobalSection
	GlobalSection(SolutionProperties) = preSolution
		HideSolutionNode = FALSE
	EndGlobalSection
	GlobalSection(ExtensibilityGlobals) = postSolution
		SolutionGuid = {BA44C841-2232-4350-86F2-A6A876ED674F}
	EndGlobalSection
EndGlobal
